
Microsoft Visual Studio Solution File, Format Version 12.00
# Visual Studio Version 17
VisualStudioVersion = 17.14.36121.58 d17.14
MinimumVisualStudioVersion = 10.0.40219.1
Project("{FAE04EC0-301F-11D3-BF4B-00C04F79EFBC}") = "PersonalPortofolioFinanceApp", "PersonalPortofolioFinanceApp.csproj", "{17827F01-D4D1-4506-A5FE-79F060070D60}"
EndProject
Global
	GlobalSection(SolutionConfigurationPlatforms) = preSolution
		Debug|Any CPU = Debug|Any CPU
		Release|Any CPU = Release|Any CPU
	EndGlobalSection
	GlobalSection(ProjectConfigurationPlatforms) = postSolution
		{17827F01-D4D1-4506-A5FE-79F060070D60}.Debug|Any CPU.ActiveCfg = Debug|Any CPU
		{17827F01-D4D1-4506-A5FE-79F060070D60}.Debug|Any CPU.Build.0 = Debug|Any CPU
		{17827F01-D4D1-4506-A5FE-79F060070D60}.Release|Any CPU.ActiveCfg = Release|Any CPU
		{17827F01-D4D1-4506-A5FE-79F060070D60}.Release|Any CPU.Build.0 = Release|Any CPU
	EndGlobalSection
	GlobalSection(SolutionProperties) = preSolution
		HideSolutionNode = FALSE
	EndGlobalSection
	GlobalSection(ExtensibilityGlobals) = postSolution
		SolutionGuid = {30827F89-EC57-4584-9936-FD4E093C5185}
	EndGlobalSection
EndGlobal
